
Microsoft Visual Studio Solution File, Format Version 12.00
# Visual Studio 15
VisualStudioVersion = 15.0.28307.1145
MinimumVisualStudioVersion = 10.0.40219.1
Project("{FAE04EC0-301F-11D3-BF4B-00C04F79EFBC}") = "TaskProgramming", "TaskProgramming\TaskProgramming.csproj", "{A44CA629-5165-4748-A0FE-02862BA296C5}"
EndProject
Global
	GlobalSection(SolutionConfigurationPlatforms) = preSolution
		Debug|Any CPU = Debug|Any CPU
		Release|Any CPU = Release|Any CPU
	EndGlobalSection
	GlobalSection(ProjectConfigurationPlatforms) = postSolution
		{A44CA629-5165-4748-A0FE-02862BA296C5}.Debug|Any CPU.ActiveCfg = Debug|Any CPU
		{A44CA629-5165-4748-A0FE-02862BA296C5}.Debug|Any CPU.Build.0 = Debug|Any CPU
		{A44CA629-5165-4748-A0FE-02862BA296C5}.Release|Any CPU.ActiveCfg = Release|Any CPU
		{A44CA629-5165-4748-A0FE-02862BA296C5}.Release|Any CPU.Build.0 = Release|Any CPU
	EndGlobalSection
	GlobalSection(SolutionProperties) = preSolution
		HideSolutionNode = FALSE
	EndGlobalSection
	GlobalSection(ExtensibilityGlobals) = postSolution
		SolutionGuid = {D163E581-D75D-4A66-9BF3-46F6325661AC}
	EndGlobalSection
EndGlobal
